
Microsoft Visual Studio Solution File, Format Version 12.00
Project("{FAE04EC0-301F-11D3-BF4B-00C04F79EFBC}") = "EFWithValueObject.Api", "EFWithValueObject.Api\EFWithValueObject.Api.csproj", "{CA30DAB4-ABA3-480E-A606-508A1B3FEB4F}"
EndProject
Project("{2150E333-8FDC-42A3-9474-1A3956D46DE8}") = "Doc", "Doc", "{356623D3-E979-4990-B6BA-3619917B8F40}"
ProjectSection(SolutionItems) = preProject
	ReadMe.md = ReadMe.md
EndProjectSection
EndProject
Global
	GlobalSection(SolutionConfigurationPlatforms) = preSolution
		Debug|Any CPU = Debug|Any CPU
		Release|Any CPU = Release|Any CPU
	EndGlobalSection
	GlobalSection(ProjectConfigurationPlatforms) = postSolution
		{CA30DAB4-ABA3-480E-A606-508A1B3FEB4F}.Debug|Any CPU.ActiveCfg = Debug|Any CPU
		{CA30DAB4-ABA3-480E-A606-508A1B3FEB4F}.Debug|Any CPU.Build.0 = Debug|Any CPU
		{CA30DAB4-ABA3-480E-A606-508A1B3FEB4F}.Release|Any CPU.ActiveCfg = Release|Any CPU
		{CA30DAB4-ABA3-480E-A606-508A1B3FEB4F}.Release|Any CPU.Build.0 = Release|Any CPU
	EndGlobalSection
EndGlobal
